
Microsoft Visual Studio Solution File, Format Version 12.00
# Visual Studio Version 16
VisualStudioVersion = 16.0.32802.440
MinimumVisualStudioVersion = 10.0.40219.1
Project("{FAE04EC0-301F-11D3-BF4B-00C04F79EFBC}") = "AnashSoft_Task", "AnashSoft_Task\AnashSoft_Task.csproj", "{DE2E16B0-6B12-4D1B-AA5D-ABBAAB71D8CD}"
EndProject
Global
	GlobalSection(SolutionConfigurationPlatforms) = preSolution
		Debug|Any CPU = Debug|Any CPU
		Release|Any CPU = Release|Any CPU
	EndGlobalSection
	GlobalSection(ProjectConfigurationPlatforms) = postSolution
		{DE2E16B0-6B12-4D1B-AA5D-ABBAAB71D8CD}.Debug|Any CPU.ActiveCfg = Debug|Any CPU
		{DE2E16B0-6B12-4D1B-AA5D-ABBAAB71D8CD}.Debug|Any CPU.Build.0 = Debug|Any CPU
		{DE2E16B0-6B12-4D1B-AA5D-ABBAAB71D8CD}.Release|Any CPU.ActiveCfg = Release|Any CPU
		{DE2E16B0-6B12-4D1B-AA5D-ABBAAB71D8CD}.Release|Any CPU.Build.0 = Release|Any CPU
	EndGlobalSection
	GlobalSection(SolutionProperties) = preSolution
		HideSolutionNode = FALSE
	EndGlobalSection
	GlobalSection(ExtensibilityGlobals) = postSolution
		SolutionGuid = {16EA9CAE-A4FC-4BD2-953A-C790DD98BD7E}
	EndGlobalSection
EndGlobal
